
Microsoft Visual Studio Solution File, Format Version 12.00
# Visual Studio 15
VisualStudioVersion = 15.0.28010.2046
MinimumVisualStudioVersion = 10.0.40219.1
Project("{FAE04EC0-301F-11D3-BF4B-00C04F79EFBC}") = "SuperHeroes_Softfocus", "SuperHeroes_Softfocus\SuperHeroes_Softfocus.csproj", "{6C0FB87B-E846-44B0-B520-141EBCB4C692}"
EndProject
Global
	GlobalSection(SolutionConfigurationPlatforms) = preSolution
		Debug|Any CPU = Debug|Any CPU
		Release|Any CPU = Release|Any CPU
	EndGlobalSection
	GlobalSection(ProjectConfigurationPlatforms) = postSolution
		{6C0FB87B-E846-44B0-B520-141EBCB4C692}.Debug|Any CPU.ActiveCfg = Debug|Any CPU
		{6C0FB87B-E846-44B0-B520-141EBCB4C692}.Debug|Any CPU.Build.0 = Debug|Any CPU
		{6C0FB87B-E846-44B0-B520-141EBCB4C692}.Release|Any CPU.ActiveCfg = Release|Any CPU
		{6C0FB87B-E846-44B0-B520-141EBCB4C692}.Release|Any CPU.Build.0 = Release|Any CPU
	EndGlobalSection
	GlobalSection(SolutionProperties) = preSolution
		HideSolutionNode = FALSE
	EndGlobalSection
	GlobalSection(ExtensibilityGlobals) = postSolution
		SolutionGuid = {21EBFB9C-0085-4463-9440-D5000A1FF3CB}
	EndGlobalSection
EndGlobal
